
Microsoft Visual Studio Solution File, Format Version 12.00
# Visual Studio 2012
Project("{FAE04EC0-301F-11D3-BF4B-00C04F79EFBC}") = "statesv2", "statesv1\statesv2.csproj", "{339F6F26-0B8D-4C8B-8F33-A4443F82651D}"
EndProject
Global
	GlobalSection(SolutionConfigurationPlatforms) = preSolution
		Debug|Any CPU = Debug|Any CPU
		Release|Any CPU = Release|Any CPU
	EndGlobalSection
	GlobalSection(ProjectConfigurationPlatforms) = postSolution
		{339F6F26-0B8D-4C8B-8F33-A4443F82651D}.Debug|Any CPU.ActiveCfg = Debug|Any CPU
		{339F6F26-0B8D-4C8B-8F33-A4443F82651D}.Debug|Any CPU.Build.0 = Debug|Any CPU
		{339F6F26-0B8D-4C8B-8F33-A4443F82651D}.Release|Any CPU.ActiveCfg = Release|Any CPU
		{339F6F26-0B8D-4C8B-8F33-A4443F82651D}.Release|Any CPU.Build.0 = Release|Any CPU
	EndGlobalSection
	GlobalSection(SolutionProperties) = preSolution
		HideSolutionNode = FALSE
	EndGlobalSection
EndGlobal
